schema: '2.0'
stages:
  preprocess:
    cmd: python src/preprocess.py data/online_shoppers_intention.csv 
      data/processed
    deps:
    - path: data/online_shoppers_intention.csv
      hash: md5
      md5: 87fa7308cfa07862495f0f13dcc5b184
      size: 1071988
    - path: src/preprocess.py
      hash: md5
      md5: a33d44a713f269b10cd619e58c6345d5
      size: 8367
    outs:
    - path: data/processed/metadata.json
      hash: md5
      md5: ab47e0934f95a099f68b2711fbf5ee42
      size: 499
    - path: data/processed/online_shoppers_intention_prepared.csv
      hash: md5
      md5: 25e2e0782c5974150bf6f03315528846
      size: 11488416
    - path: data/processed/preprocessor.joblib
      hash: md5
      md5: c5f8918fcbff6376fb6c7fb18de27899
      size: 6273
  split:
    cmd: python src/split.py 
      data/processed/online_shoppers_intention_prepared.csv data/prepared
    deps:
    - path: data/processed/online_shoppers_intention_prepared.csv
      hash: md5
      md5: 25e2e0782c5974150bf6f03315528846
      size: 11488416
    - path: src/split.py
      hash: md5
      md5: e26b02819e6265e8e51be64ce0e0218b
      size: 872
    params:
      params.yaml:
        split:
          test_size: 0.2
          random_state: 42
    outs:
    - path: data/prepared/test.csv
      hash: md5
      md5: fd12ec67798bed095b0322ec7d8c28b5
      size: 2268314
    - path: data/prepared/train.csv
      hash: md5
      md5: f6b33e4e1815d3606239419938165ea0
      size: 9077112
  train:
    cmd: python src/train.py data/prepared/train.csv models/model.joblib
    deps:
    - path: data/prepared/train.csv
      hash: md5
      md5: f6b33e4e1815d3606239419938165ea0
      size: 9077112
    - path: src/train.py
      hash: md5
      md5: 313044105b093efa3f4de421151900f1
      size: 746
    params:
      params.yaml:
        train:
          model: random_forest
          n_estimators: 100
          max_depth: 12
          random_state: 42
    outs:
    - path: models/model.joblib
      hash: md5
      md5: f543289d962081727c1a77db3fec479e
      size: 8213945
  evaluate:
    cmd: python src/evaluate.py models/model.joblib data/prepared/test.csv 
      metrics/metrics.json
    deps:
    - path: data/prepared/test.csv
      hash: md5
      md5: fd12ec67798bed095b0322ec7d8c28b5
      size: 2268314
    - path: models/model.joblib
      hash: md5
      md5: f543289d962081727c1a77db3fec479e
      size: 8213945
    - path: src/evaluate.py
      hash: md5
      md5: 961a7b41abcef6a4ba7b450d7c48b953
      size: 1117
    outs:
    - path: metrics/metrics.json
      hash: md5
      md5: 2f928554c1464a09461a5cb4bd3fec41
      size: 176
