schema: '2.0'
stages:
  preprocess:
    cmd: python src/preprocess.py data/online_shoppers_intention.csv 
      data/processed
    deps:
    - path: data/online_shoppers_intention.csv
      hash: md5
      md5: 87fa7308cfa07862495f0f13dcc5b184
      size: 1071988
    - path: src/preprocess.py
      hash: md5
      md5: f71c341e42c71ec68f0b5df5785c4c3e
      size: 8159
    params:
      params.yaml:
        preprocess:
          balancing: smoteenn
    outs:
    - path: data/processed/metadata.json
      hash: md5
      md5: 417f4d8ceaa0ee2c9bf1b2c862ef223c
      size: 496
    - path: data/processed/online_shoppers_intention_prepared.csv
      hash: md5
      md5: c97dfa8cda2af7569f7defb754ba18a2
      size: 9616027
    - path: data/processed/preprocessor.joblib
      hash: md5
      md5: c5f8918fcbff6376fb6c7fb18de27899
      size: 6273
  split:
    cmd: python src/split.py 
      data/processed/online_shoppers_intention_prepared.csv data/prepared
    deps:
    - path: data/processed/online_shoppers_intention_prepared.csv
      hash: md5
      md5: c97dfa8cda2af7569f7defb754ba18a2
      size: 9616027
    - path: src/split.py
      hash: md5
      md5: 9ed7654c4885a99c9082b2d736ad2063
      size: 842
    params:
      params.yaml:
        split:
          test_size: 0.2
          random_state: 42
    outs:
    - path: data/prepared/test.csv
      hash: md5
      md5: 5c6cd74ffc5e858eafbd300e2bc4b4e9
      size: 1900473
    - path: data/prepared/train.csv
      hash: md5
      md5: d428a93c92fe25f98f50b0ad746ca37f
      size: 7595285
  train:
    cmd: python src/train.py data/prepared/train.csv models/model.joblib
    deps:
    - path: data/prepared/train.csv
      hash: md5
      md5: d428a93c92fe25f98f50b0ad746ca37f
      size: 7595285
    - path: src/train.py
      hash: md5
      md5: 0109bb315809b4a2bf96da5d2983c0a6
      size: 1737
    params:
      params.yaml:
        train:
          algorithm: XGBoost
          random_state: 42
          LogisticRegression:
            C: 1.0
            max_iter: 1000
          SVM:
            C: 1.0
            kernel: rbf
            probability: true
          RandomForest:
            n_estimators: 100
            max_depth: 10
          XGBoost:
            n_estimators: 150
            learning_rate: 0.05
            max_depth: 6
            eval_metric: logloss
    outs:
    - path: models/model.joblib
      hash: md5
      md5: 984c410b2ee5cf1e7403dfbb6d261326
      size: 424354
  evaluate:
    cmd: python src/evaluate.py models/model.joblib data/prepared/test.csv 
      metrics/metrics.json
    deps:
    - path: data/prepared/test.csv
      hash: md5
      md5: 5c6cd74ffc5e858eafbd300e2bc4b4e9
      size: 1900473
    - path: models/model.joblib
      hash: md5
      md5: 984c410b2ee5cf1e7403dfbb6d261326
      size: 424354
    - path: src/evaluate.py
      hash: md5
      md5: 8d0d5dc14ca142a9d9ba0eda65cc2349
      size: 1078
    outs:
    - path: metrics/metrics.json
      hash: md5
      md5: 09c0788428bae6ee5c812811d18f110f
      size: 176
