schema: '2.0'
stages:
  preprocess:
    cmd: python src/preprocess.py data/online_shoppers_intention.csv 
      data/processed
    deps:
    - path: data/online_shoppers_intention.csv
      hash: md5
      md5: 87fa7308cfa07862495f0f13dcc5b184
      size: 1071988
    - path: src/preprocess.py
      hash: md5
      md5: 640a022b4c97bd6f65cf2ece5219049d
      size: 5388
    outs:
    - path: data/processed/metadata.json
      hash: md5
      md5: 7eed1165fe3fa8087085e817eb45facb
      size: 441
    - path: data/processed/online_shoppers_intention_cleaned.csv
      hash: md5
      md5: b805756ae83d06115cf9c0574fe9e8aa
      size: 1739418
  split:
    cmd: python src/split.py 
      data/processed/online_shoppers_intention_cleaned.csv data/prepared
    deps:
    - path: data/processed/online_shoppers_intention_cleaned.csv
      hash: md5
      md5: b805756ae83d06115cf9c0574fe9e8aa
      size: 1739418
    - path: src/split.py
      hash: md5
      md5: 8e367a45ab57fd7eff4004724fd6ee4d
      size: 1618
    params:
      params.yaml:
        split.random_state: 42
        split.test_size: 0.2
    outs:
    - path: data/prepared/test.csv
      hash: md5
      md5: 74a12ae96220a5c1625857f5803116cf
      size: 345730
    - path: data/prepared/train.csv
      hash: md5
      md5: 3c202ab062133a3846b68083b0982122
      size: 1382242
  train:
    cmd: python src/train.py data/prepared/train.csv models/model.joblib
    deps:
    - path: data/prepared/train.csv
      hash: md5
      md5: 3c202ab062133a3846b68083b0982122
      size: 1382242
    - path: src/train.py
      hash: md5
      md5: 0b5b1f65c1ca543365f1c375b2139a53
      size: 6392
    params:
      params.yaml:
        preprocess.balancing: smote
        train:
          algorithm: SVM
          random_state: 42
          LogisticRegression:
            max_iter: 1000
            class_weight: balanced
          SVM:
            C: 1.0
            kernel: rbf
            probability: true
            class_weight: balanced
          RandomForest:
            n_estimators: 200
            max_depth: 12
            class_weight: balanced
          XGBoost:
            n_estimators: 200
            max_depth: 5
            learning_rate: 0.05
            subsample: 0.8
            colsample_bytree: 0.8
    outs:
    - path: models/model.joblib
      hash: md5
      md5: e444439a4ec1000888ee9bf5f36c9fa2
      size: 4416495
  evaluate:
    cmd: python src/evaluate.py models/model.joblib data/prepared/test.csv 
      metrics/metrics.json
    deps:
    - path: data/prepared/test.csv
      hash: md5
      md5: 74a12ae96220a5c1625857f5803116cf
      size: 345730
    - path: models/model.joblib
      hash: md5
      md5: e444439a4ec1000888ee9bf5f36c9fa2
      size: 4416495
    - path: src/evaluate.py
      hash: md5
      md5: 94451d309ba7ceec67283d416c2260f4
      size: 3075
    outs:
    - path: metrics/metrics.json
      hash: md5
      md5: 4bc5ac218f15c8d4392ffc3df89b054b
      size: 422
